
Microsoft Visual Studio Solution File, Format Version 12.00
# Visual Studio Version 16
VisualStudioVersion = 16.0.30204.135
MinimumVisualStudioVersion = 15.0.26124.0
Project("{2150E333-8FDC-42A3-9474-1A3956D46DE8}") = "src", "src", "{104D71DB-7694-41BE-B43A-A1A988BD8F0D}"
EndProject
Project("{9A19103F-16F7-4668-BE54-9A1E7A4F7556}") = "AzFnWebinar.Backend", "src\Backend\AzFnWebinar.Backend.csproj", "{0EF5D3C9-5A6E-4E51-A27A-740CB12F0CEA}"
EndProject
Project("{9A19103F-16F7-4668-BE54-9A1E7A4F7556}") = "AzFnWebinar.Frontend", "src\Frontend\AzFnWebinar.Frontend.csproj", "{74040F16-8FBF-4701-BB1E-498293FF15F9}"
EndProject
Global
	GlobalSection(SolutionConfigurationPlatforms) = preSolution
		Debug|Any CPU = Debug|Any CPU
		Debug|x64 = Debug|x64
		Debug|x86 = Debug|x86
		Release|Any CPU = Release|Any CPU
		Release|x64 = Release|x64
		Release|x86 = Release|x86
	EndGlobalSection
	GlobalSection(ProjectConfigurationPlatforms) = postSolution
		{0EF5D3C9-5A6E-4E51-A27A-740CB12F0CEA}.Debug|Any CPU.ActiveCfg = Debug|Any CPU
		{0EF5D3C9-5A6E-4E51-A27A-740CB12F0CEA}.Debug|Any CPU.Build.0 = Debug|Any CPU
		{0EF5D3C9-5A6E-4E51-A27A-740CB12F0CEA}.Debug|x64.ActiveCfg = Debug|Any CPU
		{0EF5D3C9-5A6E-4E51-A27A-740CB12F0CEA}.Debug|x64.Build.0 = Debug|Any CPU
		{0EF5D3C9-5A6E-4E51-A27A-740CB12F0CEA}.Debug|x86.ActiveCfg = Debug|Any CPU
		{0EF5D3C9-5A6E-4E51-A27A-740CB12F0CEA}.Debug|x86.Build.0 = Debug|Any CPU
		{0EF5D3C9-5A6E-4E51-A27A-740CB12F0CEA}.Release|Any CPU.ActiveCfg = Release|Any CPU
		{0EF5D3C9-5A6E-4E51-A27A-740CB12F0CEA}.Release|Any CPU.Build.0 = Release|Any CPU
		{0EF5D3C9-5A6E-4E51-A27A-740CB12F0CEA}.Release|x64.ActiveCfg = Release|Any CPU
		{0EF5D3C9-5A6E-4E51-A27A-740CB12F0CEA}.Release|x64.Build.0 = Release|Any CPU
		{0EF5D3C9-5A6E-4E51-A27A-740CB12F0CEA}.Release|x86.ActiveCfg = Release|Any CPU
		{0EF5D3C9-5A6E-4E51-A27A-740CB12F0CEA}.Release|x86.Build.0 = Release|Any CPU
		{74040F16-8FBF-4701-BB1E-498293FF15F9}.Debug|Any CPU.ActiveCfg = Debug|Any CPU
		{74040F16-8FBF-4701-BB1E-498293FF15F9}.Debug|Any CPU.Build.0 = Debug|Any CPU
		{74040F16-8FBF-4701-BB1E-498293FF15F9}.Debug|x64.ActiveCfg = Debug|Any CPU
		{74040F16-8FBF-4701-BB1E-498293FF15F9}.Debug|x64.Build.0 = Debug|Any CPU
		{74040F16-8FBF-4701-BB1E-498293FF15F9}.Debug|x86.ActiveCfg = Debug|Any CPU
		{74040F16-8FBF-4701-BB1E-498293FF15F9}.Debug|x86.Build.0 = Debug|Any CPU
		{74040F16-8FBF-4701-BB1E-498293FF15F9}.Release|Any CPU.ActiveCfg = Release|Any CPU
		{74040F16-8FBF-4701-BB1E-498293FF15F9}.Release|Any CPU.Build.0 = Release|Any CPU
		{74040F16-8FBF-4701-BB1E-498293FF15F9}.Release|x64.ActiveCfg = Release|Any CPU
		{74040F16-8FBF-4701-BB1E-498293FF15F9}.Release|x64.Build.0 = Release|Any CPU
		{74040F16-8FBF-4701-BB1E-498293FF15F9}.Release|x86.ActiveCfg = Release|Any CPU
		{74040F16-8FBF-4701-BB1E-498293FF15F9}.Release|x86.Build.0 = Release|Any CPU
	EndGlobalSection
	GlobalSection(SolutionProperties) = preSolution
		HideSolutionNode = FALSE
	EndGlobalSection
	GlobalSection(NestedProjects) = preSolution
		{0EF5D3C9-5A6E-4E51-A27A-740CB12F0CEA} = {104D71DB-7694-41BE-B43A-A1A988BD8F0D}
		{74040F16-8FBF-4701-BB1E-498293FF15F9} = {104D71DB-7694-41BE-B43A-A1A988BD8F0D}
	EndGlobalSection
	GlobalSection(ExtensibilityGlobals) = postSolution
		SolutionGuid = {0E6962EA-3A75-4C32-94A0-E01AB5EC89A0}
	EndGlobalSection
EndGlobal
